
Microsoft Visual Studio Solution File, Format Version 12.00
# Visual Studio Version 17
VisualStudioVersion = 17.12.35707.178 d17.12
MinimumVisualStudioVersion = 10.0.40219.1
Project("{FAE04EC0-301F-11D3-BF4B-00C04F79EFBC}") = "Assignment 11 - C# - advanced - shahd mostafa", "Assignment 11 - C# - advanced - shahd mostafa\Assignment 11 - C# - advanced - shahd mostafa.csproj", "{453A352F-F5A1-462E-B7C9-62D5ADEACB8B}"
EndProject
Global
	GlobalSection(SolutionConfigurationPlatforms) = preSolution
		Debug|Any CPU = Debug|Any CPU
		Release|Any CPU = Release|Any CPU
	EndGlobalSection
	GlobalSection(ProjectConfigurationPlatforms) = postSolution
		{453A352F-F5A1-462E-B7C9-62D5ADEACB8B}.Debug|Any CPU.ActiveCfg = Debug|Any CPU
		{453A352F-F5A1-462E-B7C9-62D5ADEACB8B}.Debug|Any CPU.Build.0 = Debug|Any CPU
		{453A352F-F5A1-462E-B7C9-62D5ADEACB8B}.Release|Any CPU.ActiveCfg = Release|Any CPU
		{453A352F-F5A1-462E-B7C9-62D5ADEACB8B}.Release|Any CPU.Build.0 = Release|Any CPU
	EndGlobalSection
	GlobalSection(SolutionProperties) = preSolution
		HideSolutionNode = FALSE
	EndGlobalSection
EndGlobal
